
Microsoft Visual Studio Solution File, Format Version 12.00
# Visual Studio Version 17
VisualStudioVersion = 17.2.32616.157
MinimumVisualStudioVersion = 10.0.40219.1
Project("{FAE04EC0-301F-11D3-BF4B-00C04F79EFBC}") = "Csharp-Basics-Lesson-24-Csharp-Methods-Return", "Csharp-Basics-Lesson-24-Csharp-Methods-Return.csproj", "{7CECF8E2-4DDE-41BC-89DD-F0D93DB3CBAE}"
EndProject
Global
	GlobalSection(SolutionConfigurationPlatforms) = preSolution
		Debug|Any CPU = Debug|Any CPU
		Release|Any CPU = Release|Any CPU
	EndGlobalSection
	GlobalSection(ProjectConfigurationPlatforms) = postSolution
		{7CECF8E2-4DDE-41BC-89DD-F0D93DB3CBAE}.Debug|Any CPU.ActiveCfg = Debug|Any CPU
		{7CECF8E2-4DDE-41BC-89DD-F0D93DB3CBAE}.Debug|Any CPU.Build.0 = Debug|Any CPU
		{7CECF8E2-4DDE-41BC-89DD-F0D93DB3CBAE}.Release|Any CPU.ActiveCfg = Release|Any CPU
		{7CECF8E2-4DDE-41BC-89DD-F0D93DB3CBAE}.Release|Any CPU.Build.0 = Release|Any CPU
	EndGlobalSection
	GlobalSection(SolutionProperties) = preSolution
		HideSolutionNode = FALSE
	EndGlobalSection
	GlobalSection(ExtensibilityGlobals) = postSolution
		SolutionGuid = {40E6563B-E639-42B0-B967-83815784973A}
	EndGlobalSection
EndGlobal
