
Microsoft Visual Studio Solution File, Format Version 12.00
# Visual Studio Version 17
VisualStudioVersion = 17.2.32616.157
MinimumVisualStudioVersion = 10.0.40219.1
Project("{FAE04EC0-301F-11D3-BF4B-00C04F79EFBC}") = "Csharp-Exercises", "Csharp-Exercises.csproj", "{303DBC1D-6DC8-48A6-A3E9-25E8999D547E}"
EndProject
Global
	GlobalSection(SolutionConfigurationPlatforms) = preSolution
		Debug|Any CPU = Debug|Any CPU
		Release|Any CPU = Release|Any CPU
	EndGlobalSection
	GlobalSection(ProjectConfigurationPlatforms) = postSolution
		{303DBC1D-6DC8-48A6-A3E9-25E8999D547E}.Debug|Any CPU.ActiveCfg = Debug|Any CPU
		{303DBC1D-6DC8-48A6-A3E9-25E8999D547E}.Debug|Any CPU.Build.0 = Debug|Any CPU
		{303DBC1D-6DC8-48A6-A3E9-25E8999D547E}.Release|Any CPU.ActiveCfg = Release|Any CPU
		{303DBC1D-6DC8-48A6-A3E9-25E8999D547E}.Release|Any CPU.Build.0 = Release|Any CPU
	EndGlobalSection
	GlobalSection(SolutionProperties) = preSolution
		HideSolutionNode = FALSE
	EndGlobalSection
	GlobalSection(ExtensibilityGlobals) = postSolution
		SolutionGuid = {8606116A-08E5-464A-B478-F9A045D1EA5A}
	EndGlobalSection
EndGlobal
