
Microsoft Visual Studio Solution File, Format Version 12.00
# Visual Studio Version 17
VisualStudioVersion = 17.2.32616.157
MinimumVisualStudioVersion = 10.0.40219.1
Project("{FAE04EC0-301F-11D3-BF4B-00C04F79EFBC}") = "Csharp-Basics-Lesson-9-Strings-Methods", "Csharp-Basics-Lesson-9-Strings-Methods.csproj", "{994C3900-BAC0-4398-9AA1-704AF9D43C14}"
EndProject
Global
	GlobalSection(SolutionConfigurationPlatforms) = preSolution
		Debug|Any CPU = Debug|Any CPU
		Release|Any CPU = Release|Any CPU
	EndGlobalSection
	GlobalSection(ProjectConfigurationPlatforms) = postSolution
		{994C3900-BAC0-4398-9AA1-704AF9D43C14}.Debug|Any CPU.ActiveCfg = Debug|Any CPU
		{994C3900-BAC0-4398-9AA1-704AF9D43C14}.Debug|Any CPU.Build.0 = Debug|Any CPU
		{994C3900-BAC0-4398-9AA1-704AF9D43C14}.Release|Any CPU.ActiveCfg = Release|Any CPU
		{994C3900-BAC0-4398-9AA1-704AF9D43C14}.Release|Any CPU.Build.0 = Release|Any CPU
	EndGlobalSection
	GlobalSection(SolutionProperties) = preSolution
		HideSolutionNode = FALSE
	EndGlobalSection
	GlobalSection(ExtensibilityGlobals) = postSolution
		SolutionGuid = {15E0055E-3AEF-45A7-881D-AF75963436B8}
	EndGlobalSection
EndGlobal
