
Microsoft Visual Studio Solution File, Format Version 12.00
# Visual Studio Version 17
VisualStudioVersion = 17.2.32616.157
MinimumVisualStudioVersion = 10.0.40219.1
Project("{FAE04EC0-301F-11D3-BF4B-00C04F79EFBC}") = "Csharp-Basics-Lesson-17-Csharp-Exceptions-Try-Catch-Finally", "Csharp-Basics-Lesson-17-Csharp-Exceptions-Try-Catch-Finally.csproj", "{A589BC62-4B2A-4210-97FB-E6369840BCC6}"
EndProject
Global
	GlobalSection(SolutionConfigurationPlatforms) = preSolution
		Debug|Any CPU = Debug|Any CPU
		Release|Any CPU = Release|Any CPU
	EndGlobalSection
	GlobalSection(ProjectConfigurationPlatforms) = postSolution
		{A589BC62-4B2A-4210-97FB-E6369840BCC6}.Debug|Any CPU.ActiveCfg = Debug|Any CPU
		{A589BC62-4B2A-4210-97FB-E6369840BCC6}.Debug|Any CPU.Build.0 = Debug|Any CPU
		{A589BC62-4B2A-4210-97FB-E6369840BCC6}.Release|Any CPU.ActiveCfg = Release|Any CPU
		{A589BC62-4B2A-4210-97FB-E6369840BCC6}.Release|Any CPU.Build.0 = Release|Any CPU
	EndGlobalSection
	GlobalSection(SolutionProperties) = preSolution
		HideSolutionNode = FALSE
	EndGlobalSection
	GlobalSection(ExtensibilityGlobals) = postSolution
		SolutionGuid = {CF670AC6-88A6-479D-A677-D00392AA1009}
	EndGlobalSection
EndGlobal
