
Microsoft Visual Studio Solution File, Format Version 12.00
# Visual Studio Version 17
VisualStudioVersion = 17.2.32616.157
MinimumVisualStudioVersion = 10.0.40219.1
Project("{FAE04EC0-301F-11D3-BF4B-00C04F79EFBC}") = "Csharp-Basics-Lesson-5-Csharp-Data-Types", "Csharp-Basics-Lesson-5-Csharp-Data-Types.csproj", "{84ADE5E7-5D9E-4E39-80C6-B5B8E14CFEEF}"
EndProject
Global
	GlobalSection(SolutionConfigurationPlatforms) = preSolution
		Debug|Any CPU = Debug|Any CPU
		Release|Any CPU = Release|Any CPU
	EndGlobalSection
	GlobalSection(ProjectConfigurationPlatforms) = postSolution
		{84ADE5E7-5D9E-4E39-80C6-B5B8E14CFEEF}.Debug|Any CPU.ActiveCfg = Debug|Any CPU
		{84ADE5E7-5D9E-4E39-80C6-B5B8E14CFEEF}.Debug|Any CPU.Build.0 = Debug|Any CPU
		{84ADE5E7-5D9E-4E39-80C6-B5B8E14CFEEF}.Release|Any CPU.ActiveCfg = Release|Any CPU
		{84ADE5E7-5D9E-4E39-80C6-B5B8E14CFEEF}.Release|Any CPU.Build.0 = Release|Any CPU
	EndGlobalSection
	GlobalSection(SolutionProperties) = preSolution
		HideSolutionNode = FALSE
	EndGlobalSection
	GlobalSection(ExtensibilityGlobals) = postSolution
		SolutionGuid = {4DC82816-8321-4918-B4BF-C52FC50DDB2A}
	EndGlobalSection
EndGlobal
