
Microsoft Visual Studio Solution File, Format Version 12.00
# Visual Studio Version 17
VisualStudioVersion = 17.2.32616.157
MinimumVisualStudioVersion = 10.0.40219.1
Project("{FAE04EC0-301F-11D3-BF4B-00C04F79EFBC}") = "Csharp-Basics-Lesson-22-Arrays-and-Foreach-loop", "Csharp-Basics-Lesson-22-Arrays-and-Foreach-loop.csproj", "{8A529AC1-82A1-459E-BD14-9BC204FF0AC1}"
EndProject
Global
	GlobalSection(SolutionConfigurationPlatforms) = preSolution
		Debug|Any CPU = Debug|Any CPU
		Release|Any CPU = Release|Any CPU
	EndGlobalSection
	GlobalSection(ProjectConfigurationPlatforms) = postSolution
		{8A529AC1-82A1-459E-BD14-9BC204FF0AC1}.Debug|Any CPU.ActiveCfg = Debug|Any CPU
		{8A529AC1-82A1-459E-BD14-9BC204FF0AC1}.Debug|Any CPU.Build.0 = Debug|Any CPU
		{8A529AC1-82A1-459E-BD14-9BC204FF0AC1}.Release|Any CPU.ActiveCfg = Release|Any CPU
		{8A529AC1-82A1-459E-BD14-9BC204FF0AC1}.Release|Any CPU.Build.0 = Release|Any CPU
	EndGlobalSection
	GlobalSection(SolutionProperties) = preSolution
		HideSolutionNode = FALSE
	EndGlobalSection
	GlobalSection(ExtensibilityGlobals) = postSolution
		SolutionGuid = {4E6344F0-EF27-403E-A219-13EA0501D0CF}
	EndGlobalSection
EndGlobal
