
Microsoft Visual Studio Solution File, Format Version 12.00
# Visual Studio Version 17
VisualStudioVersion = 17.2.32616.157
MinimumVisualStudioVersion = 10.0.40219.1
Project("{FAE04EC0-301F-11D3-BF4B-00C04F79EFBC}") = "Csharp-Basics-Lesson-14-Charp-conditions-and-if-else-if-else-statements", "Csharp-Basics-Lesson-14-Charp-conditions-and-if-else-if-else-statements.csproj", "{925AA46C-34E4-4359-A290-0B2E10F64D32}"
EndProject
Global
	GlobalSection(SolutionConfigurationPlatforms) = preSolution
		Debug|Any CPU = Debug|Any CPU
		Release|Any CPU = Release|Any CPU
	EndGlobalSection
	GlobalSection(ProjectConfigurationPlatforms) = postSolution
		{925AA46C-34E4-4359-A290-0B2E10F64D32}.Debug|Any CPU.ActiveCfg = Debug|Any CPU
		{925AA46C-34E4-4359-A290-0B2E10F64D32}.Debug|Any CPU.Build.0 = Debug|Any CPU
		{925AA46C-34E4-4359-A290-0B2E10F64D32}.Release|Any CPU.ActiveCfg = Release|Any CPU
		{925AA46C-34E4-4359-A290-0B2E10F64D32}.Release|Any CPU.Build.0 = Release|Any CPU
	EndGlobalSection
	GlobalSection(SolutionProperties) = preSolution
		HideSolutionNode = FALSE
	EndGlobalSection
	GlobalSection(ExtensibilityGlobals) = postSolution
		SolutionGuid = {7F52EFCF-1C76-4FAF-8C80-3E92AF79AEA3}
	EndGlobalSection
EndGlobal
